
Microsoft Visual Studio Solution File, Format Version 12.00
# Visual Studio Version 17
VisualStudioVersion = 17.14.36616.10 d17.14
MinimumVisualStudioVersion = 10.0.40219.1
Project("{FAE04EC0-301F-11D3-BF4B-00C04F79EFBC}") = "TestMethod", "TestMethod\TestMethod.csproj", "{BE2EE761-686E-4974-9158-16A9C529F395}"
EndProject
Global
	GlobalSection(SolutionConfigurationPlatforms) = preSolution
		Debug|Any CPU = Debug|Any CPU
		Release|Any CPU = Release|Any CPU
	EndGlobalSection
	GlobalSection(ProjectConfigurationPlatforms) = postSolution
		{BE2EE761-686E-4974-9158-16A9C529F395}.Debug|Any CPU.ActiveCfg = Debug|Any CPU
		{BE2EE761-686E-4974-9158-16A9C529F395}.Debug|Any CPU.Build.0 = Debug|Any CPU
		{BE2EE761-686E-4974-9158-16A9C529F395}.Release|Any CPU.ActiveCfg = Release|Any CPU
		{BE2EE761-686E-4974-9158-16A9C529F395}.Release|Any CPU.Build.0 = Release|Any CPU
	EndGlobalSection
	GlobalSection(SolutionProperties) = preSolution
		HideSolutionNode = FALSE
	EndGlobalSection
	GlobalSection(ExtensibilityGlobals) = postSolution
		SolutionGuid = {8B52C59A-5C28-4995-8645-084A3432EFB7}
	EndGlobalSection
EndGlobal
