
Microsoft Visual Studio Solution File, Format Version 12.00
# Visual Studio Version 17
VisualStudioVersion = 17.14.36212.18 d17.14
MinimumVisualStudioVersion = 10.0.40219.1
Project("{FAE04EC0-301F-11D3-BF4B-00C04F79EFBC}") = "Collections", "Collections.csproj", "{A900D7CF-56CF-4F9D-B5C5-6E11FE67B4B9}"
EndProject
Global
	GlobalSection(SolutionConfigurationPlatforms) = preSolution
		Debug|Any CPU = Debug|Any CPU
		Release|Any CPU = Release|Any CPU
	EndGlobalSection
	GlobalSection(ProjectConfigurationPlatforms) = postSolution
		{A900D7CF-56CF-4F9D-B5C5-6E11FE67B4B9}.Debug|Any CPU.ActiveCfg = Debug|Any CPU
		{A900D7CF-56CF-4F9D-B5C5-6E11FE67B4B9}.Debug|Any CPU.Build.0 = Debug|Any CPU
		{A900D7CF-56CF-4F9D-B5C5-6E11FE67B4B9}.Release|Any CPU.ActiveCfg = Release|Any CPU
		{A900D7CF-56CF-4F9D-B5C5-6E11FE67B4B9}.Release|Any CPU.Build.0 = Release|Any CPU
	EndGlobalSection
	GlobalSection(SolutionProperties) = preSolution
		HideSolutionNode = FALSE
	EndGlobalSection
	GlobalSection(ExtensibilityGlobals) = postSolution
		SolutionGuid = {12B11A8A-9C99-4356-BCA4-03C793B68FF0}
	EndGlobalSection
EndGlobal
