
Microsoft Visual Studio Solution File, Format Version 12.00
# Visual Studio Version 17
VisualStudioVersion = 17.14.36221.1 d17.14
MinimumVisualStudioVersion = 10.0.40219.1
Project("{FAE04EC0-301F-11D3-BF4B-00C04F79EFBC}") = "DrawDiamond", "DrawDiamond.csproj", "{344738B4-424F-4281-9645-1D6482F62067}"
EndProject
Global
	GlobalSection(SolutionConfigurationPlatforms) = preSolution
		Debug|Any CPU = Debug|Any CPU
		Release|Any CPU = Release|Any CPU
	EndGlobalSection
	GlobalSection(ProjectConfigurationPlatforms) = postSolution
		{344738B4-424F-4281-9645-1D6482F62067}.Debug|Any CPU.ActiveCfg = Debug|Any CPU
		{344738B4-424F-4281-9645-1D6482F62067}.Debug|Any CPU.Build.0 = Debug|Any CPU
		{344738B4-424F-4281-9645-1D6482F62067}.Release|Any CPU.ActiveCfg = Release|Any CPU
		{344738B4-424F-4281-9645-1D6482F62067}.Release|Any CPU.Build.0 = Release|Any CPU
	EndGlobalSection
	GlobalSection(SolutionProperties) = preSolution
		HideSolutionNode = FALSE
	EndGlobalSection
	GlobalSection(ExtensibilityGlobals) = postSolution
		SolutionGuid = {0753B154-A3F2-40D2-8BE3-45B0B0F7A246}
	EndGlobalSection
EndGlobal
