
Microsoft Visual Studio Solution File, Format Version 12.00
# Visual Studio Version 17
VisualStudioVersion = 17.14.36212.18 d17.14
MinimumVisualStudioVersion = 10.0.40219.1
Project("{FAE04EC0-301F-11D3-BF4B-00C04F79EFBC}") = "TestDateTime", "TestDateTime.csproj", "{E4758EF4-5367-4901-AB39-96E1102FA102}"
EndProject
Global
	GlobalSection(SolutionConfigurationPlatforms) = preSolution
		Debug|Any CPU = Debug|Any CPU
		Release|Any CPU = Release|Any CPU
	EndGlobalSection
	GlobalSection(ProjectConfigurationPlatforms) = postSolution
		{E4758EF4-5367-4901-AB39-96E1102FA102}.Debug|Any CPU.ActiveCfg = Debug|Any CPU
		{E4758EF4-5367-4901-AB39-96E1102FA102}.Debug|Any CPU.Build.0 = Debug|Any CPU
		{E4758EF4-5367-4901-AB39-96E1102FA102}.Release|Any CPU.ActiveCfg = Release|Any CPU
		{E4758EF4-5367-4901-AB39-96E1102FA102}.Release|Any CPU.Build.0 = Release|Any CPU
	EndGlobalSection
	GlobalSection(SolutionProperties) = preSolution
		HideSolutionNode = FALSE
	EndGlobalSection
	GlobalSection(ExtensibilityGlobals) = postSolution
		SolutionGuid = {EFA2E36D-9566-4034-BC36-9627461E8473}
	EndGlobalSection
EndGlobal
