
Microsoft Visual Studio Solution File, Format Version 12.00
# Visual Studio Version 17
VisualStudioVersion = 17.14.36301.6 d17.14
MinimumVisualStudioVersion = 10.0.40219.1
Project("{FAE04EC0-301F-11D3-BF4B-00C04F79EFBC}") = "Tuple", "Tuple.csproj", "{6DC120AA-2FA1-4285-A767-446FC413EFA2}"
EndProject
Global
	GlobalSection(SolutionConfigurationPlatforms) = preSolution
		Debug|Any CPU = Debug|Any CPU
		Release|Any CPU = Release|Any CPU
	EndGlobalSection
	GlobalSection(ProjectConfigurationPlatforms) = postSolution
		{6DC120AA-2FA1-4285-A767-446FC413EFA2}.Debug|Any CPU.ActiveCfg = Debug|Any CPU
		{6DC120AA-2FA1-4285-A767-446FC413EFA2}.Debug|Any CPU.Build.0 = Debug|Any CPU
		{6DC120AA-2FA1-4285-A767-446FC413EFA2}.Release|Any CPU.ActiveCfg = Release|Any CPU
		{6DC120AA-2FA1-4285-A767-446FC413EFA2}.Release|Any CPU.Build.0 = Release|Any CPU
	EndGlobalSection
	GlobalSection(SolutionProperties) = preSolution
		HideSolutionNode = FALSE
	EndGlobalSection
	GlobalSection(ExtensibilityGlobals) = postSolution
		SolutionGuid = {C1BA30F1-E939-4480-AA8E-99869E023B04}
	EndGlobalSection
EndGlobal
