
Microsoft Visual Studio Solution File, Format Version 12.00
# Visual Studio Version 17
VisualStudioVersion = 17.14.36616.10 d17.14
MinimumVisualStudioVersion = 10.0.40219.1
Project("{FAE04EC0-301F-11D3-BF4B-00C04F79EFBC}") = "TestString", "TestString\TestString.csproj", "{DE9AB5AC-9677-4800-9A25-DECDED4741D7}"
EndProject
Global
	GlobalSection(SolutionConfigurationPlatforms) = preSolution
		Debug|Any CPU = Debug|Any CPU
		Release|Any CPU = Release|Any CPU
	EndGlobalSection
	GlobalSection(ProjectConfigurationPlatforms) = postSolution
		{DE9AB5AC-9677-4800-9A25-DECDED4741D7}.Debug|Any CPU.ActiveCfg = Debug|Any CPU
		{DE9AB5AC-9677-4800-9A25-DECDED4741D7}.Debug|Any CPU.Build.0 = Debug|Any CPU
		{DE9AB5AC-9677-4800-9A25-DECDED4741D7}.Release|Any CPU.ActiveCfg = Release|Any CPU
		{DE9AB5AC-9677-4800-9A25-DECDED4741D7}.Release|Any CPU.Build.0 = Release|Any CPU
	EndGlobalSection
	GlobalSection(SolutionProperties) = preSolution
		HideSolutionNode = FALSE
	EndGlobalSection
	GlobalSection(ExtensibilityGlobals) = postSolution
		SolutionGuid = {DA5F3BA0-5185-4A6C-B1F4-C7C3E2FEA329}
	EndGlobalSection
EndGlobal
