
Microsoft Visual Studio Solution File, Format Version 12.00
# Visual Studio Version 17
VisualStudioVersion = 17.14.36705.20 d17.14
MinimumVisualStudioVersion = 10.0.40219.1
Project("{FAE04EC0-301F-11D3-BF4B-00C04F79EFBC}") = "TestCSV", "TestCSV\TestCSV.csproj", "{855F366B-B2B2-48DB-A364-412DD677A41A}"
EndProject
Global
	GlobalSection(SolutionConfigurationPlatforms) = preSolution
		Debug|Any CPU = Debug|Any CPU
		Release|Any CPU = Release|Any CPU
	EndGlobalSection
	GlobalSection(ProjectConfigurationPlatforms) = postSolution
		{855F366B-B2B2-48DB-A364-412DD677A41A}.Debug|Any CPU.ActiveCfg = Debug|Any CPU
		{855F366B-B2B2-48DB-A364-412DD677A41A}.Debug|Any CPU.Build.0 = Debug|Any CPU
		{855F366B-B2B2-48DB-A364-412DD677A41A}.Release|Any CPU.ActiveCfg = Release|Any CPU
		{855F366B-B2B2-48DB-A364-412DD677A41A}.Release|Any CPU.Build.0 = Release|Any CPU
	EndGlobalSection
	GlobalSection(SolutionProperties) = preSolution
		HideSolutionNode = FALSE
	EndGlobalSection
	GlobalSection(ExtensibilityGlobals) = postSolution
		SolutionGuid = {C14A2A85-97AD-4A5F-A707-DCC311BF3EF4}
	EndGlobalSection
EndGlobal
