
Microsoft Visual Studio Solution File, Format Version 12.00
# Visual Studio Version 17
VisualStudioVersion = 17.14.36811.4
MinimumVisualStudioVersion = 10.0.40219.1
Project("{FAE04EC0-301F-11D3-BF4B-00C04F79EFBC}") = "LectureVariable", "TestLecture\LectureVariable.csproj", "{97E8A1E9-585E-4E09-A5EB-E1525A481B24}"
EndProject
Project("{FAE04EC0-301F-11D3-BF4B-00C04F79EFBC}") = "LectureOperator", "LectureOperator\LectureOperator.csproj", "{3D612629-5C6B-4C83-9A50-D918D8C8D836}"
EndProject
Project("{FAE04EC0-301F-11D3-BF4B-00C04F79EFBC}") = "LectureConditional", "LectureConditional\LectureConditional.csproj", "{1F91D61A-6D51-4811-8863-C85102DD5238}"
EndProject
Project("{FAE04EC0-301F-11D3-BF4B-00C04F79EFBC}") = "Calculator", "Calc\Calculator.csproj", "{972355E5-37B7-4A4D-A4E1-84F7692B617A}"
EndProject
Project("{FAE04EC0-301F-11D3-BF4B-00C04F79EFBC}") = "LectureLoop", "LectureLoop\LectureLoop.csproj", "{8BDBAC27-86BE-4E76-BD94-0FB610744B1E}"
EndProject
Project("{FAE04EC0-301F-11D3-BF4B-00C04F79EFBC}") = "HalfPyramid", "HalfPyramid\HalfPyramid.csproj", "{757121DD-A4E8-4154-8DCA-76AEBF3FB2F4}"
EndProject
Project("{FAE04EC0-301F-11D3-BF4B-00C04F79EFBC}") = "LectureMethod", "LectureMethod\LectureMethod.csproj", "{7F25816A-3309-44CF-B42D-D49B2287316C}"
EndProject
Project("{FAE04EC0-301F-11D3-BF4B-00C04F79EFBC}") = "LectureCollection", "LectureCollection\LectureCollection.csproj", "{571045D7-E0DF-40DD-BDCB-B4EB87581C79}"
EndProject
Project("{FAE04EC0-301F-11D3-BF4B-00C04F79EFBC}") = "LectureString", "LectureString\LectureString.csproj", "{1C849571-80BD-48DA-8813-5DB6D9E7C859}"
EndProject
Project("{FAE04EC0-301F-11D3-BF4B-00C04F79EFBC}") = "NumberBaseball", "NumberBaseball\NumberBaseball.csproj", "{938D8667-AA62-43B7-9DE6-F48370D9D00C}"
EndProject
Project("{FAE04EC0-301F-11D3-BF4B-00C04F79EFBC}") = "LectureClass", "LectureClass\LectureClass.csproj", "{0341DA0B-F55E-415E-ACC5-E53D74ABB8FD}"
EndProject
Project("{FAE04EC0-301F-11D3-BF4B-00C04F79EFBC}") = "LectureItemClass", "LectureItemClass\LectureItemClass.csproj", "{77A8E112-FADA-42E7-994D-7F1C6BD66943}"
EndProject
Project("{FAE04EC0-301F-11D3-BF4B-00C04F79EFBC}") = "LectureDelegate", "LectureDelegate\LectureDelegate.csproj", "{80064254-65BB-4FE9-86AF-544441B2EE06}"
EndProject
Project("{FAE04EC0-301F-11D3-BF4B-00C04F79EFBC}") = "LectureEvent", "LectureEvent\LectureEvent.csproj", "{B29F9364-AB16-4F47-ACC8-52CD49E56F60}"
EndProject
Project("{FAE04EC0-301F-11D3-BF4B-00C04F79EFBC}") = "LectureLambda", "LectureLambda\LectureLambda.csproj", "{8DE6D5A7-D00B-4185-BAF1-9DA58C5EF388}"
EndProject
Project("{FAE04EC0-301F-11D3-BF4B-00C04F79EFBC}") = "PracticeLinq", "PracticeLinq\PracticeLinq.csproj", "{FB0E0499-7765-4C83-8593-86421D4D6648}"
EndProject
Project("{FAE04EC0-301F-11D3-BF4B-00C04F79EFBC}") = "LectureNullable", "LectureNullable\LectureNullable.csproj", "{7AD652EE-3386-41EC-8C7F-147D0B21D44A}"
EndProject
Project("{FAE04EC0-301F-11D3-BF4B-00C04F79EFBC}") = "LectureTryCatch", "LectureTryCatch\LectureTryCatch.csproj", "{A9CD73E7-0AB2-4DA0-84AE-7D1D321BB8EA}"
EndProject
Project("{FAE04EC0-301F-11D3-BF4B-00C04F79EFBC}") = "LectureFileIO", "LectureFileIO\LectureFileIO.csproj", "{E27C3CD5-8919-476E-9895-073854DD8052}"
EndProject
Project("{FAE04EC0-301F-11D3-BF4B-00C04F79EFBC}") = "LectureCSV", "LectureCSV\LectureCSV.csproj", "{8A110801-5FE2-4107-B646-06A2505BAB50}"
EndProject
Project("{FAE04EC0-301F-11D3-BF4B-00C04F79EFBC}") = "LectureJSON", "LectureJSON\LectureJSON.csproj", "{6B1D72D9-4883-4946-84FC-EB8C89D2842E}"
EndProject
Project("{FAE04EC0-301F-11D3-BF4B-00C04F79EFBC}") = "LectureDateTime", "LectureDateTime\LectureDateTime.csproj", "{564B4C25-0B56-4805-97C1-7F0F64397313}"
EndProject
Project("{FAE04EC0-301F-11D3-BF4B-00C04F79EFBC}") = "LectureTimer", "LectureTimer\LectureTimer.csproj", "{C655B72F-0525-46F4-999B-E7986A766A67}"
EndProject
Project("{FAE04EC0-301F-11D3-BF4B-00C04F79EFBC}") = "TestSkillClass", "TestSkillClass\TestSkillClass.csproj", "{99703928-8511-4A69-AD45-692707D321EE}"
EndProject
Project("{FAE04EC0-301F-11D3-BF4B-00C04F79EFBC}") = "LectureThread", "LectureThread\LectureThread.csproj", "{EACE0D35-4302-49FC-989D-DF53F2275B24}"
EndProject
Project("{FAE04EC0-301F-11D3-BF4B-00C04F79EFBC}") = "LectureLock", "LectureLock\LectureLock.csproj", "{F8E600D4-DD09-40E5-9A84-1D6D58AC2045}"
EndProject
Global
	GlobalSection(SolutionConfigurationPlatforms) = preSolution
		Debug|Any CPU = Debug|Any CPU
		Release|Any CPU = Release|Any CPU
	EndGlobalSection
	GlobalSection(ProjectConfigurationPlatforms) = postSolution
		{97E8A1E9-585E-4E09-A5EB-E1525A481B24}.Debug|Any CPU.ActiveCfg = Debug|Any CPU
		{97E8A1E9-585E-4E09-A5EB-E1525A481B24}.Debug|Any CPU.Build.0 = Debug|Any CPU
		{97E8A1E9-585E-4E09-A5EB-E1525A481B24}.Release|Any CPU.ActiveCfg = Release|Any CPU
		{97E8A1E9-585E-4E09-A5EB-E1525A481B24}.Release|Any CPU.Build.0 = Release|Any CPU
		{3D612629-5C6B-4C83-9A50-D918D8C8D836}.Debug|Any CPU.ActiveCfg = Debug|Any CPU
		{3D612629-5C6B-4C83-9A50-D918D8C8D836}.Debug|Any CPU.Build.0 = Debug|Any CPU
		{3D612629-5C6B-4C83-9A50-D918D8C8D836}.Release|Any CPU.ActiveCfg = Release|Any CPU
		{3D612629-5C6B-4C83-9A50-D918D8C8D836}.Release|Any CPU.Build.0 = Release|Any CPU
		{1F91D61A-6D51-4811-8863-C85102DD5238}.Debug|Any CPU.ActiveCfg = Debug|Any CPU
		{1F91D61A-6D51-4811-8863-C85102DD5238}.Debug|Any CPU.Build.0 = Debug|Any CPU
		{1F91D61A-6D51-4811-8863-C85102DD5238}.Release|Any CPU.ActiveCfg = Release|Any CPU
		{1F91D61A-6D51-4811-8863-C85102DD5238}.Release|Any CPU.Build.0 = Release|Any CPU
		{972355E5-37B7-4A4D-A4E1-84F7692B617A}.Debug|Any CPU.ActiveCfg = Debug|Any CPU
		{972355E5-37B7-4A4D-A4E1-84F7692B617A}.Debug|Any CPU.Build.0 = Debug|Any CPU
		{972355E5-37B7-4A4D-A4E1-84F7692B617A}.Release|Any CPU.ActiveCfg = Release|Any CPU
		{972355E5-37B7-4A4D-A4E1-84F7692B617A}.Release|Any CPU.Build.0 = Release|Any CPU
		{8BDBAC27-86BE-4E76-BD94-0FB610744B1E}.Debug|Any CPU.ActiveCfg = Debug|Any CPU
		{8BDBAC27-86BE-4E76-BD94-0FB610744B1E}.Debug|Any CPU.Build.0 = Debug|Any CPU
		{8BDBAC27-86BE-4E76-BD94-0FB610744B1E}.Release|Any CPU.ActiveCfg = Release|Any CPU
		{8BDBAC27-86BE-4E76-BD94-0FB610744B1E}.Release|Any CPU.Build.0 = Release|Any CPU
		{757121DD-A4E8-4154-8DCA-76AEBF3FB2F4}.Debug|Any CPU.ActiveCfg = Debug|Any CPU
		{757121DD-A4E8-4154-8DCA-76AEBF3FB2F4}.Debug|Any CPU.Build.0 = Debug|Any CPU
		{757121DD-A4E8-4154-8DCA-76AEBF3FB2F4}.Release|Any CPU.ActiveCfg = Release|Any CPU
		{757121DD-A4E8-4154-8DCA-76AEBF3FB2F4}.Release|Any CPU.Build.0 = Release|Any CPU
		{7F25816A-3309-44CF-B42D-D49B2287316C}.Debug|Any CPU.ActiveCfg = Debug|Any CPU
		{7F25816A-3309-44CF-B42D-D49B2287316C}.Debug|Any CPU.Build.0 = Debug|Any CPU
		{7F25816A-3309-44CF-B42D-D49B2287316C}.Release|Any CPU.ActiveCfg = Release|Any CPU
		{7F25816A-3309-44CF-B42D-D49B2287316C}.Release|Any CPU.Build.0 = Release|Any CPU
		{571045D7-E0DF-40DD-BDCB-B4EB87581C79}.Debug|Any CPU.ActiveCfg = Debug|Any CPU
		{571045D7-E0DF-40DD-BDCB-B4EB87581C79}.Debug|Any CPU.Build.0 = Debug|Any CPU
		{571045D7-E0DF-40DD-BDCB-B4EB87581C79}.Release|Any CPU.ActiveCfg = Release|Any CPU
		{571045D7-E0DF-40DD-BDCB-B4EB87581C79}.Release|Any CPU.Build.0 = Release|Any CPU
		{1C849571-80BD-48DA-8813-5DB6D9E7C859}.Debug|Any CPU.ActiveCfg = Debug|Any CPU
		{1C849571-80BD-48DA-8813-5DB6D9E7C859}.Debug|Any CPU.Build.0 = Debug|Any CPU
		{1C849571-80BD-48DA-8813-5DB6D9E7C859}.Release|Any CPU.ActiveCfg = Release|Any CPU
		{1C849571-80BD-48DA-8813-5DB6D9E7C859}.Release|Any CPU.Build.0 = Release|Any CPU
		{938D8667-AA62-43B7-9DE6-F48370D9D00C}.Debug|Any CPU.ActiveCfg = Debug|Any CPU
		{938D8667-AA62-43B7-9DE6-F48370D9D00C}.Debug|Any CPU.Build.0 = Debug|Any CPU
		{938D8667-AA62-43B7-9DE6-F48370D9D00C}.Release|Any CPU.ActiveCfg = Release|Any CPU
		{938D8667-AA62-43B7-9DE6-F48370D9D00C}.Release|Any CPU.Build.0 = Release|Any CPU
		{0341DA0B-F55E-415E-ACC5-E53D74ABB8FD}.Debug|Any CPU.ActiveCfg = Debug|Any CPU
		{0341DA0B-F55E-415E-ACC5-E53D74ABB8FD}.Debug|Any CPU.Build.0 = Debug|Any CPU
		{0341DA0B-F55E-415E-ACC5-E53D74ABB8FD}.Release|Any CPU.ActiveCfg = Release|Any CPU
		{0341DA0B-F55E-415E-ACC5-E53D74ABB8FD}.Release|Any CPU.Build.0 = Release|Any CPU
		{77A8E112-FADA-42E7-994D-7F1C6BD66943}.Debug|Any CPU.ActiveCfg = Debug|Any CPU
		{77A8E112-FADA-42E7-994D-7F1C6BD66943}.Debug|Any CPU.Build.0 = Debug|Any CPU
		{77A8E112-FADA-42E7-994D-7F1C6BD66943}.Release|Any CPU.ActiveCfg = Release|Any CPU
		{77A8E112-FADA-42E7-994D-7F1C6BD66943}.Release|Any CPU.Build.0 = Release|Any CPU
		{80064254-65BB-4FE9-86AF-544441B2EE06}.Debug|Any CPU.ActiveCfg = Debug|Any CPU
		{80064254-65BB-4FE9-86AF-544441B2EE06}.Debug|Any CPU.Build.0 = Debug|Any CPU
		{80064254-65BB-4FE9-86AF-544441B2EE06}.Release|Any CPU.ActiveCfg = Release|Any CPU
		{80064254-65BB-4FE9-86AF-544441B2EE06}.Release|Any CPU.Build.0 = Release|Any CPU
		{B29F9364-AB16-4F47-ACC8-52CD49E56F60}.Debug|Any CPU.ActiveCfg = Debug|Any CPU
		{B29F9364-AB16-4F47-ACC8-52CD49E56F60}.Debug|Any CPU.Build.0 = Debug|Any CPU
		{B29F9364-AB16-4F47-ACC8-52CD49E56F60}.Release|Any CPU.ActiveCfg = Release|Any CPU
		{B29F9364-AB16-4F47-ACC8-52CD49E56F60}.Release|Any CPU.Build.0 = Release|Any CPU
		{8DE6D5A7-D00B-4185-BAF1-9DA58C5EF388}.Debug|Any CPU.ActiveCfg = Debug|Any CPU
		{8DE6D5A7-D00B-4185-BAF1-9DA58C5EF388}.Debug|Any CPU.Build.0 = Debug|Any CPU
		{8DE6D5A7-D00B-4185-BAF1-9DA58C5EF388}.Release|Any CPU.ActiveCfg = Release|Any CPU
		{8DE6D5A7-D00B-4185-BAF1-9DA58C5EF388}.Release|Any CPU.Build.0 = Release|Any CPU
		{FB0E0499-7765-4C83-8593-86421D4D6648}.Debug|Any CPU.ActiveCfg = Debug|Any CPU
		{FB0E0499-7765-4C83-8593-86421D4D6648}.Debug|Any CPU.Build.0 = Debug|Any CPU
		{FB0E0499-7765-4C83-8593-86421D4D6648}.Release|Any CPU.ActiveCfg = Release|Any CPU
		{FB0E0499-7765-4C83-8593-86421D4D6648}.Release|Any CPU.Build.0 = Release|Any CPU
		{7AD652EE-3386-41EC-8C7F-147D0B21D44A}.Debug|Any CPU.ActiveCfg = Debug|Any CPU
		{7AD652EE-3386-41EC-8C7F-147D0B21D44A}.Debug|Any CPU.Build.0 = Debug|Any CPU
		{7AD652EE-3386-41EC-8C7F-147D0B21D44A}.Release|Any CPU.ActiveCfg = Release|Any CPU
		{7AD652EE-3386-41EC-8C7F-147D0B21D44A}.Release|Any CPU.Build.0 = Release|Any CPU
		{A9CD73E7-0AB2-4DA0-84AE-7D1D321BB8EA}.Debug|Any CPU.ActiveCfg = Debug|Any CPU
		{A9CD73E7-0AB2-4DA0-84AE-7D1D321BB8EA}.Debug|Any CPU.Build.0 = Debug|Any CPU
		{A9CD73E7-0AB2-4DA0-84AE-7D1D321BB8EA}.Release|Any CPU.ActiveCfg = Release|Any CPU
		{A9CD73E7-0AB2-4DA0-84AE-7D1D321BB8EA}.Release|Any CPU.Build.0 = Release|Any CPU
		{E27C3CD5-8919-476E-9895-073854DD8052}.Debug|Any CPU.ActiveCfg = Debug|Any CPU
		{E27C3CD5-8919-476E-9895-073854DD8052}.Debug|Any CPU.Build.0 = Debug|Any CPU
		{E27C3CD5-8919-476E-9895-073854DD8052}.Release|Any CPU.ActiveCfg = Release|Any CPU
		{E27C3CD5-8919-476E-9895-073854DD8052}.Release|Any CPU.Build.0 = Release|Any CPU
		{8A110801-5FE2-4107-B646-06A2505BAB50}.Debug|Any CPU.ActiveCfg = Debug|Any CPU
		{8A110801-5FE2-4107-B646-06A2505BAB50}.Debug|Any CPU.Build.0 = Debug|Any CPU
		{8A110801-5FE2-4107-B646-06A2505BAB50}.Release|Any CPU.ActiveCfg = Release|Any CPU
		{8A110801-5FE2-4107-B646-06A2505BAB50}.Release|Any CPU.Build.0 = Release|Any CPU
		{6B1D72D9-4883-4946-84FC-EB8C89D2842E}.Debug|Any CPU.ActiveCfg = Debug|Any CPU
		{6B1D72D9-4883-4946-84FC-EB8C89D2842E}.Debug|Any CPU.Build.0 = Debug|Any CPU
		{6B1D72D9-4883-4946-84FC-EB8C89D2842E}.Release|Any CPU.ActiveCfg = Release|Any CPU
		{6B1D72D9-4883-4946-84FC-EB8C89D2842E}.Release|Any CPU.Build.0 = Release|Any CPU
		{564B4C25-0B56-4805-97C1-7F0F64397313}.Debug|Any CPU.ActiveCfg = Debug|Any CPU
		{564B4C25-0B56-4805-97C1-7F0F64397313}.Debug|Any CPU.Build.0 = Debug|Any CPU
		{564B4C25-0B56-4805-97C1-7F0F64397313}.Release|Any CPU.ActiveCfg = Release|Any CPU
		{564B4C25-0B56-4805-97C1-7F0F64397313}.Release|Any CPU.Build.0 = Release|Any CPU
		{C655B72F-0525-46F4-999B-E7986A766A67}.Debug|Any CPU.ActiveCfg = Debug|Any CPU
		{C655B72F-0525-46F4-999B-E7986A766A67}.Debug|Any CPU.Build.0 = Debug|Any CPU
		{C655B72F-0525-46F4-999B-E7986A766A67}.Release|Any CPU.ActiveCfg = Release|Any CPU
		{C655B72F-0525-46F4-999B-E7986A766A67}.Release|Any CPU.Build.0 = Release|Any CPU
		{99703928-8511-4A69-AD45-692707D321EE}.Debug|Any CPU.ActiveCfg = Debug|Any CPU
		{99703928-8511-4A69-AD45-692707D321EE}.Debug|Any CPU.Build.0 = Debug|Any CPU
		{99703928-8511-4A69-AD45-692707D321EE}.Release|Any CPU.ActiveCfg = Release|Any CPU
		{99703928-8511-4A69-AD45-692707D321EE}.Release|Any CPU.Build.0 = Release|Any CPU
		{EACE0D35-4302-49FC-989D-DF53F2275B24}.Debug|Any CPU.ActiveCfg = Debug|Any CPU
		{EACE0D35-4302-49FC-989D-DF53F2275B24}.Debug|Any CPU.Build.0 = Debug|Any CPU
		{EACE0D35-4302-49FC-989D-DF53F2275B24}.Release|Any CPU.ActiveCfg = Release|Any CPU
		{EACE0D35-4302-49FC-989D-DF53F2275B24}.Release|Any CPU.Build.0 = Release|Any CPU
		{F8E600D4-DD09-40E5-9A84-1D6D58AC2045}.Debug|Any CPU.ActiveCfg = Debug|Any CPU
		{F8E600D4-DD09-40E5-9A84-1D6D58AC2045}.Debug|Any CPU.Build.0 = Debug|Any CPU
		{F8E600D4-DD09-40E5-9A84-1D6D58AC2045}.Release|Any CPU.ActiveCfg = Release|Any CPU
		{F8E600D4-DD09-40E5-9A84-1D6D58AC2045}.Release|Any CPU.Build.0 = Release|Any CPU
	EndGlobalSection
	GlobalSection(SolutionProperties) = preSolution
		HideSolutionNode = FALSE
	EndGlobalSection
	GlobalSection(ExtensibilityGlobals) = postSolution
		SolutionGuid = {8BD0313C-50F5-4514-84DF-69D2DE4F40AD}
	EndGlobalSection
EndGlobal
