
Microsoft Visual Studio Solution File, Format Version 12.00
# Visual Studio Version 17
VisualStudioVersion = 17.14.36221.1 d17.14
MinimumVisualStudioVersion = 10.0.40219.1
Project("{FAE04EC0-301F-11D3-BF4B-00C04F79EFBC}") = "NumberBaseballLinq", "NumberBaseballLinq.csproj", "{D363F53F-41B0-47B8-A0C2-295965E6C0D9}"
EndProject
Global
	GlobalSection(SolutionConfigurationPlatforms) = preSolution
		Debug|Any CPU = Debug|Any CPU
		Release|Any CPU = Release|Any CPU
	EndGlobalSection
	GlobalSection(ProjectConfigurationPlatforms) = postSolution
		{D363F53F-41B0-47B8-A0C2-295965E6C0D9}.Debug|Any CPU.ActiveCfg = Debug|Any CPU
		{D363F53F-41B0-47B8-A0C2-295965E6C0D9}.Debug|Any CPU.Build.0 = Debug|Any CPU
		{D363F53F-41B0-47B8-A0C2-295965E6C0D9}.Release|Any CPU.ActiveCfg = Release|Any CPU
		{D363F53F-41B0-47B8-A0C2-295965E6C0D9}.Release|Any CPU.Build.0 = Release|Any CPU
	EndGlobalSection
	GlobalSection(SolutionProperties) = preSolution
		HideSolutionNode = FALSE
	EndGlobalSection
	GlobalSection(ExtensibilityGlobals) = postSolution
		SolutionGuid = {85FBF016-C32E-4DE9-8B46-6010A575172E}
	EndGlobalSection
EndGlobal
