
Microsoft Visual Studio Solution File, Format Version 12.00
# Visual Studio Version 17
VisualStudioVersion = 17.14.36518.9 d17.14
MinimumVisualStudioVersion = 10.0.40219.1
Project("{FAE04EC0-301F-11D3-BF4B-00C04F79EFBC}") = "LectureClass", "LectureClass.csproj", "{34C09827-A799-4D02-A9C9-DF9F4B23A76F}"
EndProject
Project("{2150E333-8FDC-42A3-9474-1A3956D46DE8}") = "솔루션 항목", "솔루션 항목", "{2A3A057F-5D22-31FD-628C-DF5EF75AEF1E}"
	ProjectSection(SolutionItems) = preProject
		BaseClass.cs = BaseClass.cs
	EndProjectSection
EndProject
Global
	GlobalSection(SolutionConfigurationPlatforms) = preSolution
		Debug|Any CPU = Debug|Any CPU
		Release|Any CPU = Release|Any CPU
	EndGlobalSection
	GlobalSection(ProjectConfigurationPlatforms) = postSolution
		{34C09827-A799-4D02-A9C9-DF9F4B23A76F}.Debug|Any CPU.ActiveCfg = Debug|Any CPU
		{34C09827-A799-4D02-A9C9-DF9F4B23A76F}.Debug|Any CPU.Build.0 = Debug|Any CPU
		{34C09827-A799-4D02-A9C9-DF9F4B23A76F}.Release|Any CPU.ActiveCfg = Release|Any CPU
		{34C09827-A799-4D02-A9C9-DF9F4B23A76F}.Release|Any CPU.Build.0 = Release|Any CPU
	EndGlobalSection
	GlobalSection(SolutionProperties) = preSolution
		HideSolutionNode = FALSE
	EndGlobalSection
	GlobalSection(ExtensibilityGlobals) = postSolution
		SolutionGuid = {1FCFCCA1-9ABB-4BF2-9449-CB4C4E3CA0CD}
	EndGlobalSection
EndGlobal
