
Microsoft Visual Studio Solution File, Format Version 12.00
# Visual Studio Version 17
VisualStudioVersion = 17.14.36705.20 d17.14
MinimumVisualStudioVersion = 10.0.40219.1
Project("{FAE04EC0-301F-11D3-BF4B-00C04F79EFBC}") = "AssignmentSkillCoolTime", "AssignmentSkillCoolTime\AssignmentSkillCoolTime.csproj", "{C1934371-B5AB-44E9-A44E-A9719DFDCBC9}"
EndProject
Global
	GlobalSection(SolutionConfigurationPlatforms) = preSolution
		Debug|Any CPU = Debug|Any CPU
		Release|Any CPU = Release|Any CPU
	EndGlobalSection
	GlobalSection(ProjectConfigurationPlatforms) = postSolution
		{C1934371-B5AB-44E9-A44E-A9719DFDCBC9}.Debug|Any CPU.ActiveCfg = Debug|Any CPU
		{C1934371-B5AB-44E9-A44E-A9719DFDCBC9}.Debug|Any CPU.Build.0 = Debug|Any CPU
		{C1934371-B5AB-44E9-A44E-A9719DFDCBC9}.Release|Any CPU.ActiveCfg = Release|Any CPU
		{C1934371-B5AB-44E9-A44E-A9719DFDCBC9}.Release|Any CPU.Build.0 = Release|Any CPU
	EndGlobalSection
	GlobalSection(SolutionProperties) = preSolution
		HideSolutionNode = FALSE
	EndGlobalSection
	GlobalSection(ExtensibilityGlobals) = postSolution
		SolutionGuid = {7B2E4FDA-6AE6-46FD-8189-8CE8C12C4708}
	EndGlobalSection
EndGlobal
