
Microsoft Visual Studio Solution File, Format Version 12.00
# Visual Studio Version 17
VisualStudioVersion = 17.14.36301.6 d17.14
MinimumVisualStudioVersion = 10.0.40219.1
Project("{FAE04EC0-301F-11D3-BF4B-00C04F79EFBC}") = "PermutationGeneration", "PermutationGeneration.csproj", "{B4FCFE02-B180-4BDE-B05C-6E79264B4B3D}"
EndProject
Global
	GlobalSection(SolutionConfigurationPlatforms) = preSolution
		Debug|Any CPU = Debug|Any CPU
		Release|Any CPU = Release|Any CPU
	EndGlobalSection
	GlobalSection(ProjectConfigurationPlatforms) = postSolution
		{B4FCFE02-B180-4BDE-B05C-6E79264B4B3D}.Debug|Any CPU.ActiveCfg = Debug|Any CPU
		{B4FCFE02-B180-4BDE-B05C-6E79264B4B3D}.Debug|Any CPU.Build.0 = Debug|Any CPU
		{B4FCFE02-B180-4BDE-B05C-6E79264B4B3D}.Release|Any CPU.ActiveCfg = Release|Any CPU
		{B4FCFE02-B180-4BDE-B05C-6E79264B4B3D}.Release|Any CPU.Build.0 = Release|Any CPU
	EndGlobalSection
	GlobalSection(SolutionProperties) = preSolution
		HideSolutionNode = FALSE
	EndGlobalSection
	GlobalSection(ExtensibilityGlobals) = postSolution
		SolutionGuid = {20E5221B-971F-44F3-85DF-319C266AE023}
	EndGlobalSection
EndGlobal
