
Microsoft Visual Studio Solution File, Format Version 12.00
# Visual Studio Version 17
VisualStudioVersion = 17.14.36221.1 d17.14
MinimumVisualStudioVersion = 10.0.40219.1
Project("{FAE04EC0-301F-11D3-BF4B-00C04F79EFBC}") = "CSVtoJSONuseDLL", "CSVtoJSONuseDLL.csproj", "{EB1743C1-CCCA-4A1B-8950-4C9C21A0AEF3}"
EndProject
Global
	GlobalSection(SolutionConfigurationPlatforms) = preSolution
		Debug|Any CPU = Debug|Any CPU
		Release|Any CPU = Release|Any CPU
	EndGlobalSection
	GlobalSection(ProjectConfigurationPlatforms) = postSolution
		{EB1743C1-CCCA-4A1B-8950-4C9C21A0AEF3}.Debug|Any CPU.ActiveCfg = Debug|Any CPU
		{EB1743C1-CCCA-4A1B-8950-4C9C21A0AEF3}.Debug|Any CPU.Build.0 = Debug|Any CPU
		{EB1743C1-CCCA-4A1B-8950-4C9C21A0AEF3}.Release|Any CPU.ActiveCfg = Release|Any CPU
		{EB1743C1-CCCA-4A1B-8950-4C9C21A0AEF3}.Release|Any CPU.Build.0 = Release|Any CPU
	EndGlobalSection
	GlobalSection(SolutionProperties) = preSolution
		HideSolutionNode = FALSE
	EndGlobalSection
	GlobalSection(ExtensibilityGlobals) = postSolution
		SolutionGuid = {E1726857-B4A5-4E2A-8F86-8D51C7BD6E9A}
	EndGlobalSection
EndGlobal
