
Microsoft Visual Studio Solution File, Format Version 12.00
# Visual Studio Version 17
VisualStudioVersion = 17.14.36623.8 d17.14
MinimumVisualStudioVersion = 10.0.40219.1
Project("{FAE04EC0-301F-11D3-BF4B-00C04F79EFBC}") = "TestLambda", "TestLambda\TestLambda.csproj", "{D25F553E-07D0-4265-8794-47B8B4055690}"
EndProject
Global
	GlobalSection(SolutionConfigurationPlatforms) = preSolution
		Debug|Any CPU = Debug|Any CPU
		Release|Any CPU = Release|Any CPU
	EndGlobalSection
	GlobalSection(ProjectConfigurationPlatforms) = postSolution
		{D25F553E-07D0-4265-8794-47B8B4055690}.Debug|Any CPU.ActiveCfg = Debug|Any CPU
		{D25F553E-07D0-4265-8794-47B8B4055690}.Debug|Any CPU.Build.0 = Debug|Any CPU
		{D25F553E-07D0-4265-8794-47B8B4055690}.Release|Any CPU.ActiveCfg = Release|Any CPU
		{D25F553E-07D0-4265-8794-47B8B4055690}.Release|Any CPU.Build.0 = Release|Any CPU
	EndGlobalSection
	GlobalSection(SolutionProperties) = preSolution
		HideSolutionNode = FALSE
	EndGlobalSection
	GlobalSection(ExtensibilityGlobals) = postSolution
		SolutionGuid = {2E591B8D-1090-4102-BE5B-773239992898}
	EndGlobalSection
EndGlobal
